# This file was autogenerated by Stack.
# You should not edit this file by hand.
# For more information, please see the documentation at:
#   https://docs.haskellstack.org/en/stable/lock_files

packages:
- completed:
    size: 64166
    url: https://github.com/jpaykin/LNLHaskell/archive/7c3e3880d2702b5456326870ba4863f27a8606b4.tar.gz
    name: LNLHask
    version: 0.1.0.0
    sha256: 500ab670715784405482b6f296ba8f507ee80ef5b4b09a0fb7f413a6d5c5e753
    pantry-tree:
      size: 1487
      sha256: f9f09cc008814fd0925861451570ed2cad7d026fbdd702b0dbdc1f51921c348b
  original:
    url: https://github.com/jpaykin/LNLHaskell/archive/7c3e3880d2702b5456326870ba4863f27a8606b4.tar.gz
snapshots:
- completed:
    size: 532835
    url: https://raw.githubusercontent.com/commercialhaskell/stackage-snapshots/master/lts/16/24.yaml
    sha256: cf2b52420b2262fe9cf0f6744929120131abd6675b1c3fb2d8b155a47f80d103
  original:
    url: https://raw.githubusercontent.com/commercialhaskell/stackage-snapshots/master/lts/16/24.yaml
